
Microsoft Visual Studio Solution File, Format Version 12.00
# Visual Studio Version 17
VisualStudioVersion = 17.7.34003.232
MinimumVisualStudioVersion = 10.0.40219.1
Project("{FAE04EC0-301F-11D3-BF4B-00C04F79EFBC}") = "Uygulama_13", "Uygulama_13\Uygulama_13.csproj", "{CA1EA0C8-1E8B-4FC9-BB01-382116979864}"
EndProject
Global
	GlobalSection(SolutionConfigurationPlatforms) = preSolution
		Debug|Any CPU = Debug|Any CPU
		Release|Any CPU = Release|Any CPU
	EndGlobalSection
	GlobalSection(ProjectConfigurationPlatforms) = postSolution
		{CA1EA0C8-1E8B-4FC9-BB01-382116979864}.Debug|Any CPU.ActiveCfg = Debug|Any CPU
		{CA1EA0C8-1E8B-4FC9-BB01-382116979864}.Debug|Any CPU.Build.0 = Debug|Any CPU
		{CA1EA0C8-1E8B-4FC9-BB01-382116979864}.Release|Any CPU.ActiveCfg = Release|Any CPU
		{CA1EA0C8-1E8B-4FC9-BB01-382116979864}.Release|Any CPU.Build.0 = Release|Any CPU
	EndGlobalSection
	GlobalSection(SolutionProperties) = preSolution
		HideSolutionNode = FALSE
	EndGlobalSection
	GlobalSection(ExtensibilityGlobals) = postSolution
		SolutionGuid = {BF2F42B9-1085-4D6E-882E-DDCE97C03077}
	EndGlobalSection
EndGlobal
